// !$*UTF8*$!
{
	archiveVersion = 1;
	classes = {
	};
	objectVersion = 55;
	objects = {

/* Begin PBXBuildFile section */
		8497155628ED200F004BF241 /* AppDelegate.swift in Sources */ = {isa = PBXBuildFile; fileRef = 8497155528ED200F004BF241 /* AppDelegate.swift */; };
		8497155828ED200F004BF241 /* SceneDelegate.swift in Sources */ = {isa = PBXBuildFile; fileRef = 8497155728ED200F004BF241 /* SceneDelegate.swift */; };
		8497155A28ED200F004BF241 /* ListMovieViewController.swift in Sources */ = {isa = PBXBuildFile; fileRef = 8497155928ED200F004BF241 /* ListMovieViewController.swift */; };
		8497155D28ED200F004BF241 /* Main.storyboard in Resources */ = {isa = PBXBuildFile; fileRef = 8497155B28ED200F004BF241 /* Main.storyboard */; };
		8497156028ED200F004BF241 /* MovieList.xcdatamodeld in Sources */ = {isa = PBXBuildFile; fileRef = 8497155E28ED200F004BF241 /* MovieList.xcdatamodeld */; };
		8497156228ED2010004BF241 /* Assets.xcassets in Resources */ = {isa = PBXBuildFile; fileRef = 8497156128ED2010004BF241 /* Assets.xcassets */; };
		8497156528ED2010004BF241 /* LaunchScreen.storyboard in Resources */ = {isa = PBXBuildFile; fileRef = 8497156328ED2010004BF241 /* LaunchScreen.storyboard */; };
		8497157028ED20F7004BF241 /* ListsMoviePresenter.swift in Sources */ = {isa = PBXBuildFile; fileRef = 8497156F28ED20F7004BF241 /* ListsMoviePresenter.swift */; };
		8497157328ED2529004BF241 /* MovieRespone.swift in Sources */ = {isa = PBXBuildFile; fileRef = 8497157228ED2529004BF241 /* MovieRespone.swift */; };
		8497157628ED3EF0004BF241 /* ListsMovieCollectionViewCell.swift in Sources */ = {isa = PBXBuildFile; fileRef = 8497157428ED3EF0004BF241 /* ListsMovieCollectionViewCell.swift */; };
		8497157728ED3EF0004BF241 /* ListsMovieCollectionViewCell.xib in Resources */ = {isa = PBXBuildFile; fileRef = 8497157528ED3EF0004BF241 /* ListsMovieCollectionViewCell.xib */; };
		8497157928ED54A2004BF241 /* ImageService.swift in Sources */ = {isa = PBXBuildFile; fileRef = 8497157828ED54A2004BF241 /* ImageService.swift */; };
		8497158228ED7F4E004BF241 /* HeaderCell.swift in Sources */ = {isa = PBXBuildFile; fileRef = 8497158028ED7F4E004BF241 /* HeaderCell.swift */; };
		8497158328ED7F4E004BF241 /* HeaderCell.xib in Resources */ = {isa = PBXBuildFile; fileRef = 8497158128ED7F4E004BF241 /* HeaderCell.xib */; };
		8497158528ED9153004BF241 /* DetailMovieViewController.swift in Sources */ = {isa = PBXBuildFile; fileRef = 8497158428ED9153004BF241 /* DetailMovieViewController.swift */; };
		8497158728ED9268004BF241 /* DetailMoviewPresenter.swift in Sources */ = {isa = PBXBuildFile; fileRef = 8497158628ED9268004BF241 /* DetailMoviewPresenter.swift */; };
/* End PBXBuildFile section */

/* Begin PBXFileReference section */
		8497155228ED200F004BF241 /* MovieList.app */ = {isa = PBXFileReference; explicitFileType = wrapper.application; includeInIndex = 0; path = MovieList.app; sourceTree = BUILT_PRODUCTS_DIR; };
		8497155528ED200F004BF241 /* AppDelegate.swift */ = {isa = PBXFileReference; lastKnownFileType = sourcecode.swift; path = AppDelegate.swift; sourceTree = "<group>"; };
		8497155728ED200F004BF241 /* SceneDelegate.swift */ = {isa = PBXFileReference; lastKnownFileType = sourcecode.swift; path = SceneDelegate.swift; sourceTree = "<group>"; };
		8497155928ED200F004BF241 /* ListMovieViewController.swift */ = {isa = PBXFileReference; lastKnownFileType = sourcecode.swift; path = ListMovieViewController.swift; sourceTree = "<group>"; };
		8497155C28ED200F004BF241 /* Base */ = {isa = PBXFileReference; lastKnownFileType = file.storyboard; name = Base; path = Base.lproj/Main.storyboard; sourceTree = "<group>"; };
		8497155F28ED200F004BF241 /* MovieList.xcdatamodel */ = {isa = PBXFileReference; lastKnownFileType = wrapper.xcdatamodel; path = MovieList.xcdatamodel; sourceTree = "<group>"; };
		8497156128ED2010004BF241 /* Assets.xcassets */ = {isa = PBXFileReference; lastKnownFileType = folder.assetcatalog; path = Assets.xcassets; sourceTree = "<group>"; };
		8497156428ED2010004BF241 /* Base */ = {isa = PBXFileReference; lastKnownFileType = file.storyboard; name = Base; path = Base.lproj/LaunchScreen.storyboard; sourceTree = "<group>"; };
		8497156628ED2010004BF241 /* Info.plist */ = {isa = PBXFileReference; lastKnownFileType = text.plist.xml; path = Info.plist; sourceTree = "<group>"; };
		8497156F28ED20F7004BF241 /* ListsMoviePresenter.swift */ = {isa = PBXFileReference; lastKnownFileType = sourcecode.swift; path = ListsMoviePresenter.swift; sourceTree = "<group>"; };
		8497157228ED2529004BF241 /* MovieRespone.swift */ = {isa = PBXFileReference; lastKnownFileType = sourcecode.swift; path = MovieRespone.swift; sourceTree = "<group>"; };
		8497157428ED3EF0004BF241 /* ListsMovieCollectionViewCell.swift */ = {isa = PBXFileReference; lastKnownFileType = sourcecode.swift; path = ListsMovieCollectionViewCell.swift; sourceTree = "<group>"; };
		8497157528ED3EF0004BF241 /* ListsMovieCollectionViewCell.xib */ = {isa = PBXFileReference; lastKnownFileType = file.xib; path = ListsMovieCollectionViewCell.xib; sourceTree = "<group>"; };
		8497157828ED54A2004BF241 /* ImageService.swift */ = {isa = PBXFileReference; lastKnownFileType = sourcecode.swift; path = ImageService.swift; sourceTree = "<group>"; };
		8497158028ED7F4E004BF241 /* HeaderCell.swift */ = {isa = PBXFileReference; lastKnownFileType = sourcecode.swift; path = HeaderCell.swift; sourceTree = "<group>"; };
		8497158128ED7F4E004BF241 /* HeaderCell.xib */ = {isa = PBXFileReference; lastKnownFileType = file.xib; path = HeaderCell.xib; sourceTree = "<group>"; };
		8497158428ED9153004BF241 /* DetailMovieViewController.swift */ = {isa = PBXFileReference; lastKnownFileType = sourcecode.swift; path = DetailMovieViewController.swift; sourceTree = "<group>"; };
		8497158628ED9268004BF241 /* DetailMoviewPresenter.swift */ = {isa = PBXFileReference; lastKnownFileType = sourcecode.swift; path = DetailMoviewPresenter.swift; sourceTree = "<group>"; };
/* End PBXFileReference section */

/* Begin PBXFrameworksBuildPhase section */
		8497154F28ED200F004BF241 /* Frameworks */ = {
			isa = PBXFrameworksBuildPhase;
			buildActionMask = 2147483647;
			files = (
			);
			runOnlyForDeploymentPostprocessing = 0;
		};
/* End PBXFrameworksBuildPhase section */

/* Begin PBXGroup section */
		8497154928ED200F004BF241 = {
			isa = PBXGroup;
			children = (
				8497155428ED200F004BF241 /* MovieList */,
				8497155328ED200F004BF241 /* Products */,
			);
			sourceTree = "<group>";
		};
		8497155328ED200F004BF241 /* Products */ = {
			isa = PBXGroup;
			children = (
				8497155228ED200F004BF241 /* MovieList.app */,
			);
			name = Products;
			sourceTree = "<group>";
		};
		8497155428ED200F004BF241 /* MovieList */ = {
			isa = PBXGroup;
			children = (
				8497155528ED200F004BF241 /* AppDelegate.swift */,
				8497155728ED200F004BF241 /* SceneDelegate.swift */,
				8497158028ED7F4E004BF241 /* HeaderCell.swift */,
				8497158128ED7F4E004BF241 /* HeaderCell.xib */,
				8497157828ED54A2004BF241 /* ImageService.swift */,
				8497155928ED200F004BF241 /* ListMovieViewController.swift */,
				8497158428ED9153004BF241 /* DetailMovieViewController.swift */,
				8497158628ED9268004BF241 /* DetailMoviewPresenter.swift */,
				8497156F28ED20F7004BF241 /* ListsMoviePresenter.swift */,
				8497157428ED3EF0004BF241 /* ListsMovieCollectionViewCell.swift */,
				8497157528ED3EF0004BF241 /* ListsMovieCollectionViewCell.xib */,
				8497157128ED250D004BF241 /* Model */,
				8497155B28ED200F004BF241 /* Main.storyboard */,
				8497156128ED2010004BF241 /* Assets.xcassets */,
				8497156328ED2010004BF241 /* LaunchScreen.storyboard */,
				8497156628ED2010004BF241 /* Info.plist */,
				8497155E28ED200F004BF241 /* MovieList.xcdatamodeld */,
			);
			path = MovieList;
			sourceTree = "<group>";
		};
		8497157128ED250D004BF241 /* Model */ = {
			isa = PBXGroup;
			children = (
				8497157228ED2529004BF241 /* MovieRespone.swift */,
			);
			path = Model;
			sourceTree = "<group>";
		};
/* End PBXGroup section */

/* Begin PBXNativeTarget section */
		8497155128ED200F004BF241 /* MovieList */ = {
			isa = PBXNativeTarget;
			buildConfigurationList = 8497156928ED2010004BF241 /* Build configuration list for PBXNativeTarget "MovieList" */;
			buildPhases = (
				8497154E28ED200F004BF241 /* Sources */,
				8497154F28ED200F004BF241 /* Frameworks */,
				8497155028ED200F004BF241 /* Resources */,
			);
			buildRules = (
			);
			dependencies = (
			);
			name = MovieList;
			productName = MovieList;
			productReference = 8497155228ED200F004BF241 /* MovieList.app */;
			productType = "com.apple.product-type.application";
		};
/* End PBXNativeTarget section */

/* Begin PBXProject section */
		8497154A28ED200F004BF241 /* Project object */ = {
			isa = PBXProject;
			attributes = {
				BuildIndependentTargetsInParallel = 1;
				LastSwiftUpdateCheck = 1340;
				LastUpgradeCheck = 1340;
				TargetAttributes = {
					8497155128ED200F004BF241 = {
						CreatedOnToolsVersion = 13.4.1;
					};
				};
			};
			buildConfigurationList = 8497154D28ED200F004BF241 /* Build configuration list for PBXProject "MovieList" */;
			compatibilityVersion = "Xcode 13.0";
			developmentRegion = en;
			hasScannedForEncodings = 0;
			knownRegions = (
				en,
				Base,
			);
			mainGroup = 8497154928ED200F004BF241;
			productRefGroup = 8497155328ED200F004BF241 /* Products */;
			projectDirPath = "";
			projectRoot = "";
			targets = (
				8497155128ED200F004BF241 /* MovieList */,
			);
		};
/* End PBXProject section */

/* Begin PBXResourcesBuildPhase section */
		8497155028ED200F004BF241 /* Resources */ = {
			isa = PBXResourcesBuildPhase;
			buildActionMask = 2147483647;
			files = (
				8497158328ED7F4E004BF241 /* HeaderCell.xib in Resources */,
				8497156528ED2010004BF241 /* LaunchScreen.storyboard in Resources */,
				8497156228ED2010004BF241 /* Assets.xcassets in Resources */,
				8497157728ED3EF0004BF241 /* ListsMovieCollectionViewCell.xib in Resources */,
				8497155D28ED200F004BF241 /* Main.storyboard in Resources */,
			);
			runOnlyForDeploymentPostprocessing = 0;
		};
/* End PBXResourcesBuildPhase section */

/* Begin PBXSourcesBuildPhase section */
		8497154E28ED200F004BF241 /* Sources */ = {
			isa = PBXSourcesBuildPhase;
			buildActionMask = 2147483647;
			files = (
				8497155A28ED200F004BF241 /* ListMovieViewController.swift in Sources */,
				8497157928ED54A2004BF241 /* ImageService.swift in Sources */,
				8497157028ED20F7004BF241 /* ListsMoviePresenter.swift in Sources */,
				8497157328ED2529004BF241 /* MovieRespone.swift in Sources */,
				8497158228ED7F4E004BF241 /* HeaderCell.swift in Sources */,
				8497155628ED200F004BF241 /* AppDelegate.swift in Sources */,
				8497158728ED9268004BF241 /* DetailMoviewPresenter.swift in Sources */,
				8497156028ED200F004BF241 /* MovieList.xcdatamodeld in Sources */,
				8497155828ED200F004BF241 /* SceneDelegate.swift in Sources */,
				8497158528ED9153004BF241 /* DetailMovieViewController.swift in Sources */,
				8497157628ED3EF0004BF241 /* ListsMovieCollectionViewCell.swift in Sources */,
			);
			runOnlyForDeploymentPostprocessing = 0;
		};
/* End PBXSourcesBuildPhase section */

/* Begin PBXVariantGroup section */
		8497155B28ED200F004BF241 /* Main.storyboard */ = {
			isa = PBXVariantGroup;
			children = (
				8497155C28ED200F004BF241 /* Base */,
			);
			name = Main.storyboard;
			sourceTree = "<group>";
		};
		8497156328ED2010004BF241 /* LaunchScreen.storyboard */ = {
			isa = PBXVariantGroup;
			children = (
				8497156428ED2010004BF241 /* Base */,
			);
			name = LaunchScreen.storyboard;
			sourceTree = "<group>";
		};
/* End PBXVariantGroup section */

/* Begin XCBuildConfiguration section */
		8497156728ED2010004BF241 /* Debug */ = {
			isa = XCBuildConfiguration;
			buildSettings = {
				ALWAYS_SEARCH_USER_PATHS = NO;
				CLANG_ANALYZER_NONNULL = YES;
				CLANG_ANALYZER_NUMBER_OBJECT_CONVERSION = YES_AGGRESSIVE;
				CLANG_CXX_LANGUAGE_STANDARD = "gnu++17";
				CLANG_ENABLE_MODULES = YES;
				CLANG_ENABLE_OBJC_ARC = YES;
				CLANG_ENABLE_OBJC_WEAK = YES;
				CLANG_WARN_BLOCK_CAPTURE_AUTORELEASING = YES;
				CLANG_WARN_BOOL_CONVERSION = YES;
				CLANG_WARN_COMMA = YES;
				CLANG_WARN_CONSTANT_CONVERSION = YES;
				CLANG_WARN_DEPRECATED_OBJC_IMPLEMENTATIONS = YES;
				CLANG_WARN_DIRECT_OBJC_ISA_USAGE = YES_ERROR;
				CLANG_WARN_DOCUMENTATION_COMMENTS = YES;
				CLANG_WARN_EMPTY_BODY = YES;
				CLANG_WARN_ENUM_CONVERSION = YES;
				CLANG_WARN_INFINITE_RECURSION = YES;
				CLANG_WARN_INT_CONVERSION = YES;
				CLANG_WARN_NON_LITERAL_NULL_CONVERSION = YES;
				CLANG_WARN_OBJC_IMPLICIT_RETAIN_SELF = YES;
				CLANG_WARN_OBJC_LITERAL_CONVERSION = YES;
				CLANG_WARN_OBJC_ROOT_CLASS = YES_ERROR;
				CLANG_WARN_QUOTED_INCLUDE_IN_FRAMEWORK_HEADER = YES;
				CLANG_WARN_RANGE_LOOP_ANALYSIS = YES;
				CLANG_WARN_STRICT_PROTOTYPES = YES;
				CLANG_WARN_SUSPICIOUS_MOVE = YES;
				CLANG_WARN_UNGUARDED_AVAILABILITY = YES_AGGRESSIVE;
				CLANG_WARN_UNREACHABLE_CODE = YES;
				CLANG_WARN__DUPLICATE_METHOD_MATCH = YES;
				COPY_PHASE_STRIP = NO;
				DEBUG_INFORMATION_FORMAT = dwarf;
				ENABLE_STRICT_OBJC_MSGSEND = YES;
				ENABLE_TESTABILITY = YES;
				GCC_C_LANGUAGE_STANDARD = gnu11;
				GCC_DYNAMIC_NO_PIC = NO;
				GCC_NO_COMMON_BLOCKS = YES;
				GCC_OPTIMIZATION_LEVEL = 0;
				GCC_PREPROCESSOR_DEFINITIONS = (
					"DEBUG=1",
					"$(inherited)",
				);
				GCC_WARN_64_TO_32_BIT_CONVERSION = YES;
				GCC_WARN_ABOUT_RETURN_TYPE = YES_ERROR;
				GCC_WARN_UNDECLARED_SELECTOR = YES;
				GCC_WARN_UNINITIALIZED_AUTOS = YES_AGGRESSIVE;
				GCC_WARN_UNUSED_FUNCTION = YES;
				GCC_WARN_UNUSED_VARIABLE = YES;
				IPHONEOS_DEPLOYMENT_TARGET = 15.5;
				MTL_ENABLE_DEBUG_INFO = INCLUDE_SOURCE;
				MTL_FAST_MATH = YES;
				ONLY_ACTIVE_ARCH = YES;
				SDKROOT = iphoneos;
				SWIFT_ACTIVE_COMPILATION_CONDITIONS = DEBUG;
				SWIFT_OPTIMIZATION_LEVEL = "-Onone";
			};
			name = Debug;
		};
		8497156828ED2010004BF241 /* Release */ = {
			isa = XCBuildConfiguration;
			buildSettings = {
				ALWAYS_SEARCH_USER_PATHS = NO;
				CLANG_ANALYZER_NONNULL = YES;
				CLANG_ANALYZER_NUMBER_OBJECT_CONVERSION = YES_AGGRESSIVE;
				CLANG_CXX_LANGUAGE_STANDARD = "gnu++17";
				CLANG_ENABLE_MODULES = YES;
				CLANG_ENABLE_OBJC_ARC = YES;
				CLANG_ENABLE_OBJC_WEAK = YES;
				CLANG_WARN_BLOCK_CAPTURE_AUTORELEASING = YES;
				CLANG_WARN_BOOL_CONVERSION = YES;
				CLANG_WARN_COMMA = YES;
				CLANG_WARN_CONSTANT_CONVERSION = YES;
				CLANG_WARN_DEPRECATED_OBJC_IMPLEMENTATIONS = YES;
				CLANG_WARN_DIRECT_OBJC_ISA_USAGE = YES_ERROR;
				CLANG_WARN_DOCUMENTATION_COMMENTS = YES;
				CLANG_WARN_EMPTY_BODY = YES;
				CLANG_WARN_ENUM_CONVERSION = YES;
				CLANG_WARN_INFINITE_RECURSION = YES;
				CLANG_WARN_INT_CONVERSION = YES;
				CLANG_WARN_NON_LITERAL_NULL_CONVERSION = YES;
				CLANG_WARN_OBJC_IMPLICIT_RETAIN_SELF = YES;
				CLANG_WARN_OBJC_LITERAL_CONVERSION = YES;
				CLANG_WARN_OBJC_ROOT_CLASS = YES_ERROR;
				CLANG_WARN_QUOTED_INCLUDE_IN_FRAMEWORK_HEADER = YES;
				CLANG_WARN_RANGE_LOOP_ANALYSIS = YES;
				CLANG_WARN_STRICT_PROTOTYPES = YES;
				CLANG_WARN_SUSPICIOUS_MOVE = YES;
				CLANG_WARN_UNGUARDED_AVAILABILITY = YES_AGGRESSIVE;
				CLANG_WARN_UNREACHABLE_CODE = YES;
				CLANG_WARN__DUPLICATE_METHOD_MATCH = YES;
				COPY_PHASE_STRIP = NO;
				DEBUG_INFORMATION_FORMAT = "dwarf-with-dsym";
				ENABLE_NS_ASSERTIONS = NO;
				ENABLE_STRICT_OBJC_MSGSEND = YES;
				GCC_C_LANGUAGE_STANDARD = gnu11;
				GCC_NO_COMMON_BLOCKS = YES;
				GCC_WARN_64_TO_32_BIT_CONVERSION = YES;
				GCC_WARN_ABOUT_RETURN_TYPE = YES_ERROR;
				GCC_WARN_UNDECLARED_SELECTOR = YES;
				GCC_WARN_UNINITIALIZED_AUTOS = YES_AGGRESSIVE;
				GCC_WARN_UNUSED_FUNCTION = YES;
				GCC_WARN_UNUSED_VARIABLE = YES;
				IPHONEOS_DEPLOYMENT_TARGET = 15.5;
				MTL_ENABLE_DEBUG_INFO = NO;
				MTL_FAST_MATH = YES;
				SDKROOT = iphoneos;
				SWIFT_COMPILATION_MODE = wholemodule;
				SWIFT_OPTIMIZATION_LEVEL = "-O";
				VALIDATE_PRODUCT = YES;
			};
			name = Release;
		};
		8497156A28ED2010004BF241 /* Debug */ = {
			isa = XCBuildConfiguration;
			buildSettings = {
				ASSETCATALOG_COMPILER_APPICON_NAME = AppIcon;
				ASSETCATALOG_COMPILER_GLOBAL_ACCENT_COLOR_NAME = AccentColor;
				CODE_SIGN_STYLE = Automatic;
				CURRENT_PROJECT_VERSION = 1;
				GENERATE_INFOPLIST_FILE = YES;
				INFOPLIST_FILE = MovieList/Info.plist;
				INFOPLIST_KEY_UIApplicationSupportsIndirectInputEvents = YES;
				INFOPLIST_KEY_UILaunchStoryboardName = LaunchScreen;
				INFOPLIST_KEY_UIMainStoryboardFile = Main;
				INFOPLIST_KEY_UISupportedInterfaceOrientations_iPad = "UIInterfaceOrientationPortrait UIInterfaceOrientationPortraitUpsideDown UIInterfaceOrientationLandscapeLeft UIInterfaceOrientationLandscapeRight";
				INFOPLIST_KEY_UISupportedInterfaceOrientations_iPhone = "UIInterfaceOrientationPortrait UIInterfaceOrientationLandscapeLeft UIInterfaceOrientationLandscapeRight";
				LD_RUNPATH_SEARCH_PATHS = (
					"$(inherited)",
					"@executable_path/Frameworks",
				);
				MARKETING_VERSION = 1.0;
				PRODUCT_BUNDLE_IDENTIFIER = hn.MovieList;
				PRODUCT_NAME = "$(TARGET_NAME)";
				SWIFT_EMIT_LOC_STRINGS = YES;
				SWIFT_VERSION = 5.0;
				TARGETED_DEVICE_FAMILY = "1,2";
			};
			name = Debug;
		};
		8497156B28ED2010004BF241 /* Release */ = {
			isa = XCBuildConfiguration;
			buildSettings = {
				ASSETCATALOG_COMPILER_APPICON_NAME = AppIcon;
				ASSETCATALOG_COMPILER_GLOBAL_ACCENT_COLOR_NAME = AccentColor;
				CODE_SIGN_STYLE = Automatic;
				CURRENT_PROJECT_VERSION = 1;
				GENERATE_INFOPLIST_FILE = YES;
				INFOPLIST_FILE = MovieList/Info.plist;
				INFOPLIST_KEY_UIApplicationSupportsIndirectInputEvents = YES;
				INFOPLIST_KEY_UILaunchStoryboardName = LaunchScreen;
				INFOPLIST_KEY_UIMainStoryboardFile = Main;
				INFOPLIST_KEY_UISupportedInterfaceOrientations_iPad = "UIInterfaceOrientationPortrait UIInterfaceOrientationPortraitUpsideDown UIInterfaceOrientationLandscapeLeft UIInterfaceOrientationLandscapeRight";
				INFOPLIST_KEY_UISupportedInterfaceOrientations_iPhone = "UIInterfaceOrientationPortrait UIInterfaceOrientationLandscapeLeft UIInterfaceOrientationLandscapeRight";
				LD_RUNPATH_SEARCH_PATHS = (
					"$(inherited)",
					"@executable_path/Frameworks",
				);
				MARKETING_VERSION = 1.0;
				PRODUCT_BUNDLE_IDENTIFIER = hn.MovieList;
				PRODUCT_NAME = "$(TARGET_NAME)";
				SWIFT_EMIT_LOC_STRINGS = YES;
				SWIFT_VERSION = 5.0;
				TARGETED_DEVICE_FAMILY = "1,2";
			};
			name = Release;
		};
/* End XCBuildConfiguration section */

/* Begin XCConfigurationList section */
		8497154D28ED200F004BF241 /* Build configuration list for PBXProject "MovieList" */ = {
			isa = XCConfigurationList;
			buildConfigurations = (
				8497156728ED2010004BF241 /* Debug */,
				8497156828ED2010004BF241 /* Release */,
			);
			defaultConfigurationIsVisible = 0;
			defaultConfigurationName = Release;
		};
		8497156928ED2010004BF241 /* Build configuration list for PBXNativeTarget "MovieList" */ = {
			isa = XCConfigurationList;
			buildConfigurations = (
				8497156A28ED2010004BF241 /* Debug */,
				8497156B28ED2010004BF241 /* Release */,
			);
			defaultConfigurationIsVisible = 0;
			defaultConfigurationName = Release;
		};
/* End XCConfigurationList section */

/* Begin XCVersionGroup section */
		8497155E28ED200F004BF241 /* MovieList.xcdatamodeld */ = {
			isa = XCVersionGroup;
			children = (
				8497155F28ED200F004BF241 /* MovieList.xcdatamodel */,
			);
			currentVersion = 8497155F28ED200F004BF241 /* MovieList.xcdatamodel */;
			path = MovieList.xcdatamodeld;
			sourceTree = "<group>";
			versionGroupType = wrapper.xcdatamodel;
		};
/* End XCVersionGroup section */
	};
	rootObject = 8497154A28ED200F004BF241 /* Project object */;
}
